// !$*UTF8*$!
{
	archiveVersion = 1;
	classes = {
	};
	objectVersion = 50;
	objects = {

/* Begin PBXBuildFile section */
		3682001191D1B994FE1A4086 /* Pods_TestXcodeServer.framework in Frameworks */ = {isa = PBXBuildFile; fileRef = FC3C826F1C39AECE99EC7D45 /* Pods_TestXcodeServer.framework */; };
		57F1008648CCA747A001D39D /* Pods_TestXcodeServerUITests.framework in Frameworks */ = {isa = PBXBuildFile; fileRef = FDE80BB76CFFE030D82E6741 /* Pods_TestXcodeServerUITests.framework */; };
		B932DE5221DCFF96003EA273 /* AppDelegate.swift in Sources */ = {isa = PBXBuildFile; fileRef = B932DE5121DCFF96003EA273 /* AppDelegate.swift */; };
		B932DE5421DCFF96003EA273 /* ViewController.swift in Sources */ = {isa = PBXBuildFile; fileRef = B932DE5321DCFF96003EA273 /* ViewController.swift */; };
		B932DE5721DCFF96003EA273 /* Main.storyboard in Resources */ = {isa = PBXBuildFile; fileRef = B932DE5521DCFF96003EA273 /* Main.storyboard */; };
		B932DE5921DCFF9B003EA273 /* Assets.xcassets in Resources */ = {isa = PBXBuildFile; fileRef = B932DE5821DCFF9B003EA273 /* Assets.xcassets */; };
		B932DE5C21DCFF9B003EA273 /* LaunchScreen.storyboard in Resources */ = {isa = PBXBuildFile; fileRef = B932DE5A21DCFF9B003EA273 /* LaunchScreen.storyboard */; };
		B932DE6721DCFF9B003EA273 /* TestXcodeServerTests.swift in Sources */ = {isa = PBXBuildFile; fileRef = B932DE6621DCFF9B003EA273 /* TestXcodeServerTests.swift */; };
		B932DE7221DCFF9B003EA273 /* TestXcodeServerUITests.swift in Sources */ = {isa = PBXBuildFile; fileRef = B932DE7121DCFF9B003EA273 /* TestXcodeServerUITests.swift */; };
		E6AF9C5752A1AD03DC37DB8A /* Pods_TestXcodeServerTests.framework in Frameworks */ = {isa = PBXBuildFile; fileRef = 4174A2D78EBEF1177CEBEA05 /* Pods_TestXcodeServerTests.framework */; };
/* End PBXBuildFile section */

/* Begin PBXContainerItemProxy section */
		B932DE6321DCFF9B003EA273 /* PBXContainerItemProxy */ = {
			isa = PBXContainerItemProxy;
			containerPortal = B932DE4621DCFF96003EA273 /* Project object */;
			proxyType = 1;
			remoteGlobalIDString = B932DE4D21DCFF96003EA273;
			remoteInfo = TestXcodeServer;
		};
		B932DE6E21DCFF9B003EA273 /* PBXContainerItemProxy */ = {
			isa = PBXContainerItemProxy;
			containerPortal = B932DE4621DCFF96003EA273 /* Project object */;
			proxyType = 1;
			remoteGlobalIDString = B932DE4D21DCFF96003EA273;
			remoteInfo = TestXcodeServer;
		};
/* End PBXContainerItemProxy section */

/* Begin PBXFileReference section */
		12E942A3D60CD8E8BFB172E7 /* Pods-TestXcodeServerTests.release.xcconfig */ = {isa = PBXFileReference; includeInIndex = 1; lastKnownFileType = text.xcconfig; name = "Pods-TestXcodeServerTests.release.xcconfig"; path = "Pods/Target Support Files/Pods-TestXcodeServerTests/Pods-TestXcodeServerTests.release.xcconfig"; sourceTree = "<group>"; };
		4174A2D78EBEF1177CEBEA05 /* Pods_TestXcodeServerTests.framework */ = {isa = PBXFileReference; explicitFileType = wrapper.framework; includeInIndex = 0; path = Pods_TestXcodeServerTests.framework; sourceTree = BUILT_PRODUCTS_DIR; };
		4F95686A821FAA9028669D98 /* Pods-TestXcodeServerUITests.debug.xcconfig */ = {isa = PBXFileReference; includeInIndex = 1; lastKnownFileType = text.xcconfig; name = "Pods-TestXcodeServerUITests.debug.xcconfig"; path = "Pods/Target Support Files/Pods-TestXcodeServerUITests/Pods-TestXcodeServerUITests.debug.xcconfig"; sourceTree = "<group>"; };
		57DAFB6245BAE0726F1DAAB3 /* Pods-TestXcodeServer.debug.xcconfig */ = {isa = PBXFileReference; includeInIndex = 1; lastKnownFileType = text.xcconfig; name = "Pods-TestXcodeServer.debug.xcconfig"; path = "Pods/Target Support Files/Pods-TestXcodeServer/Pods-TestXcodeServer.debug.xcconfig"; sourceTree = "<group>"; };
		7519FF8AE00F98D57E4BC355 /* Pods-TestXcodeServer.release.xcconfig */ = {isa = PBXFileReference; includeInIndex = 1; lastKnownFileType = text.xcconfig; name = "Pods-TestXcodeServer.release.xcconfig"; path = "Pods/Target Support Files/Pods-TestXcodeServer/Pods-TestXcodeServer.release.xcconfig"; sourceTree = "<group>"; };
		AE8F6B1379F2DD2E6438C24B /* Pods-TestXcodeServerTests.debug.xcconfig */ = {isa = PBXFileReference; includeInIndex = 1; lastKnownFileType = text.xcconfig; name = "Pods-TestXcodeServerTests.debug.xcconfig"; path = "Pods/Target Support Files/Pods-TestXcodeServerTests/Pods-TestXcodeServerTests.debug.xcconfig"; sourceTree = "<group>"; };
		B932DE4E21DCFF96003EA273 /* TestXcodeServer.app */ = {isa = PBXFileReference; explicitFileType = wrapper.application; includeInIndex = 0; path = TestXcodeServer.app; sourceTree = BUILT_PRODUCTS_DIR; };
		B932DE5121DCFF96003EA273 /* AppDelegate.swift */ = {isa = PBXFileReference; lastKnownFileType = sourcecode.swift; path = AppDelegate.swift; sourceTree = "<group>"; };
		B932DE5321DCFF96003EA273 /* ViewController.swift */ = {isa = PBXFileReference; lastKnownFileType = sourcecode.swift; path = ViewController.swift; sourceTree = "<group>"; };
		B932DE5621DCFF96003EA273 /* Base */ = {isa = PBXFileReference; lastKnownFileType = file.storyboard; name = Base; path = Base.lproj/Main.storyboard; sourceTree = "<group>"; };
		B932DE5821DCFF9B003EA273 /* Assets.xcassets */ = {isa = PBXFileReference; lastKnownFileType = folder.assetcatalog; path = Assets.xcassets; sourceTree = "<group>"; };
		B932DE5B21DCFF9B003EA273 /* Base */ = {isa = PBXFileReference; lastKnownFileType = file.storyboard; name = Base; path = Base.lproj/LaunchScreen.storyboard; sourceTree = "<group>"; };
		B932DE5D21DCFF9B003EA273 /* Info.plist */ = {isa = PBXFileReference; lastKnownFileType = text.plist.xml; path = Info.plist; sourceTree = "<group>"; };
		B932DE6221DCFF9B003EA273 /* TestXcodeServerTests.xctest */ = {isa = PBXFileReference; explicitFileType = wrapper.cfbundle; includeInIndex = 0; path = TestXcodeServerTests.xctest; sourceTree = BUILT_PRODUCTS_DIR; };
		B932DE6621DCFF9B003EA273 /* TestXcodeServerTests.swift */ = {isa = PBXFileReference; lastKnownFileType = sourcecode.swift; path = TestXcodeServerTests.swift; sourceTree = "<group>"; };
		B932DE6821DCFF9B003EA273 /* Info.plist */ = {isa = PBXFileReference; lastKnownFileType = text.plist.xml; path = Info.plist; sourceTree = "<group>"; };
		B932DE6D21DCFF9B003EA273 /* TestXcodeServerUITests.xctest */ = {isa = PBXFileReference; explicitFileType = wrapper.cfbundle; includeInIndex = 0; path = TestXcodeServerUITests.xctest; sourceTree = BUILT_PRODUCTS_DIR; };
		B932DE7121DCFF9B003EA273 /* TestXcodeServerUITests.swift */ = {isa = PBXFileReference; lastKnownFileType = sourcecode.swift; path = TestXcodeServerUITests.swift; sourceTree = "<group>"; };
		B932DE7321DCFF9B003EA273 /* Info.plist */ = {isa = PBXFileReference; lastKnownFileType = text.plist.xml; path = Info.plist; sourceTree = "<group>"; };
		E3C3875962A9EA03738191C0 /* Pods-TestXcodeServerUITests.release.xcconfig */ = {isa = PBXFileReference; includeInIndex = 1; lastKnownFileType = text.xcconfig; name = "Pods-TestXcodeServerUITests.release.xcconfig"; path = "Pods/Target Support Files/Pods-TestXcodeServerUITests/Pods-TestXcodeServerUITests.release.xcconfig"; sourceTree = "<group>"; };
		FC3C826F1C39AECE99EC7D45 /* Pods_TestXcodeServer.framework */ = {isa = PBXFileReference; explicitFileType = wrapper.framework; includeInIndex = 0; path = Pods_TestXcodeServer.framework; sourceTree = BUILT_PRODUCTS_DIR; };
		FDE80BB76CFFE030D82E6741 /* Pods_TestXcodeServerUITests.framework */ = {isa = PBXFileReference; explicitFileType = wrapper.framework; includeInIndex = 0; path = Pods_TestXcodeServerUITests.framework; sourceTree = BUILT_PRODUCTS_DIR; };
/* End PBXFileReference section */

/* Begin PBXFrameworksBuildPhase section */
		B932DE4B21DCFF96003EA273 /* Frameworks */ = {
			isa = PBXFrameworksBuildPhase;
			buildActionMask = 2147483647;
			files = (
				3682001191D1B994FE1A4086 /* Pods_TestXcodeServer.framework in Frameworks */,
			);
			runOnlyForDeploymentPostprocessing = 0;
		};
		B932DE5F21DCFF9B003EA273 /* Frameworks */ = {
			isa = PBXFrameworksBuildPhase;
			buildActionMask = 2147483647;
			files = (
				E6AF9C5752A1AD03DC37DB8A /* Pods_TestXcodeServerTests.framework in Frameworks */,
			);
			runOnlyForDeploymentPostprocessing = 0;
		};
		B932DE6A21DCFF9B003EA273 /* Frameworks */ = {
			isa = PBXFrameworksBuildPhase;
			buildActionMask = 2147483647;
			files = (
				57F1008648CCA747A001D39D /* Pods_TestXcodeServerUITests.framework in Frameworks */,
			);
			runOnlyForDeploymentPostprocessing = 0;
		};
/* End PBXFrameworksBuildPhase section */

/* Begin PBXGroup section */
		28EC3930C8CE48C469DEAF57 /* Pods */ = {
			isa = PBXGroup;
			children = (
				57DAFB6245BAE0726F1DAAB3 /* Pods-TestXcodeServer.debug.xcconfig */,
				7519FF8AE00F98D57E4BC355 /* Pods-TestXcodeServer.release.xcconfig */,
				AE8F6B1379F2DD2E6438C24B /* Pods-TestXcodeServerTests.debug.xcconfig */,
				12E942A3D60CD8E8BFB172E7 /* Pods-TestXcodeServerTests.release.xcconfig */,
				4F95686A821FAA9028669D98 /* Pods-TestXcodeServerUITests.debug.xcconfig */,
				E3C3875962A9EA03738191C0 /* Pods-TestXcodeServerUITests.release.xcconfig */,
			);
			name = Pods;
			sourceTree = "<group>";
		};
		82A1DCF15B98F03494FAA4C3 /* Frameworks */ = {
			isa = PBXGroup;
			children = (
				FC3C826F1C39AECE99EC7D45 /* Pods_TestXcodeServer.framework */,
				4174A2D78EBEF1177CEBEA05 /* Pods_TestXcodeServerTests.framework */,
				FDE80BB76CFFE030D82E6741 /* Pods_TestXcodeServerUITests.framework */,
			);
			name = Frameworks;
			sourceTree = "<group>";
		};
		B932DE4521DCFF96003EA273 = {
			isa = PBXGroup;
			children = (
				B932DE5021DCFF96003EA273 /* TestXcodeServer */,
				B932DE6521DCFF9B003EA273 /* TestXcodeServerTests */,
				B932DE7021DCFF9B003EA273 /* TestXcodeServerUITests */,
				B932DE4F21DCFF96003EA273 /* Products */,
				28EC3930C8CE48C469DEAF57 /* Pods */,
				82A1DCF15B98F03494FAA4C3 /* Frameworks */,
			);
			sourceTree = "<group>";
		};
		B932DE4F21DCFF96003EA273 /* Products */ = {
			isa = PBXGroup;
			children = (
				B932DE4E21DCFF96003EA273 /* TestXcodeServer.app */,
				B932DE6221DCFF9B003EA273 /* TestXcodeServerTests.xctest */,
				B932DE6D21DCFF9B003EA273 /* TestXcodeServerUITests.xctest */,
			);
			name = Products;
			sourceTree = "<group>";
		};
		B932DE5021DCFF96003EA273 /* TestXcodeServer */ = {
			isa = PBXGroup;
			children = (
				B932DE5121DCFF96003EA273 /* AppDelegate.swift */,
				B932DE5321DCFF96003EA273 /* ViewController.swift */,
				B932DE5521DCFF96003EA273 /* Main.storyboard */,
				B932DE5821DCFF9B003EA273 /* Assets.xcassets */,
				B932DE5A21DCFF9B003EA273 /* LaunchScreen.storyboard */,
				B932DE5D21DCFF9B003EA273 /* Info.plist */,
			);
			path = TestXcodeServer;
			sourceTree = "<group>";
		};
		B932DE6521DCFF9B003EA273 /* TestXcodeServerTests */ = {
			isa = PBXGroup;
			children = (
				B932DE6621DCFF9B003EA273 /* TestXcodeServerTests.swift */,
				B932DE6821DCFF9B003EA273 /* Info.plist */,
			);
			path = TestXcodeServerTests;
			sourceTree = "<group>";
		};
		B932DE7021DCFF9B003EA273 /* TestXcodeServerUITests */ = {
			isa = PBXGroup;
			children = (
				B932DE7121DCFF9B003EA273 /* TestXcodeServerUITests.swift */,
				B932DE7321DCFF9B003EA273 /* Info.plist */,
			);
			path = TestXcodeServerUITests;
			sourceTree = "<group>";
		};
/* End PBXGroup section */

/* Begin PBXNativeTarget section */
		B932DE4D21DCFF96003EA273 /* TestXcodeServer */ = {
			isa = PBXNativeTarget;
			buildConfigurationList = B932DE7621DCFF9B003EA273 /* Build configuration list for PBXNativeTarget "TestXcodeServer" */;
			buildPhases = (
				A78E960525852D5425DFEB31 /* [CP] Check Pods Manifest.lock */,
				B932DE4A21DCFF96003EA273 /* Sources */,
				B932DE4B21DCFF96003EA273 /* Frameworks */,
				B932DE4C21DCFF96003EA273 /* Resources */,
				863328D71D613EA491D4D4B5 /* [CP] Embed Pods Frameworks */,
			);
			buildRules = (
			);
			dependencies = (
			);
			name = TestXcodeServer;
			productName = TestXcodeServer;
			productReference = B932DE4E21DCFF96003EA273 /* TestXcodeServer.app */;
			productType = "com.apple.product-type.application";
		};
		B932DE6121DCFF9B003EA273 /* TestXcodeServerTests */ = {
			isa = PBXNativeTarget;
			buildConfigurationList = B932DE7921DCFF9B003EA273 /* Build configuration list for PBXNativeTarget "TestXcodeServerTests" */;
			buildPhases = (
				7E31586DD7C27C418C08EDBD /* [CP] Check Pods Manifest.lock */,
				B932DE5E21DCFF9B003EA273 /* Sources */,
				B932DE5F21DCFF9B003EA273 /* Frameworks */,
				B932DE6021DCFF9B003EA273 /* Resources */,
			);
			buildRules = (
			);
			dependencies = (
				B932DE6421DCFF9B003EA273 /* PBXTargetDependency */,
			);
			name = TestXcodeServerTests;
			productName = TestXcodeServerTests;
			productReference = B932DE6221DCFF9B003EA273 /* TestXcodeServerTests.xctest */;
			productType = "com.apple.product-type.bundle.unit-test";
		};
		B932DE6C21DCFF9B003EA273 /* TestXcodeServerUITests */ = {
			isa = PBXNativeTarget;
			buildConfigurationList = B932DE7C21DCFF9B003EA273 /* Build configuration list for PBXNativeTarget "TestXcodeServerUITests" */;
			buildPhases = (
				720174D6DF1C3A4410EA95EE /* [CP] Check Pods Manifest.lock */,
				B932DE6921DCFF9B003EA273 /* Sources */,
				B932DE6A21DCFF9B003EA273 /* Frameworks */,
				B932DE6B21DCFF9B003EA273 /* Resources */,
			);
			buildRules = (
			);
			dependencies = (
				B932DE6F21DCFF9B003EA273 /* PBXTargetDependency */,
			);
			name = TestXcodeServerUITests;
			productName = TestXcodeServerUITests;
			productReference = B932DE6D21DCFF9B003EA273 /* TestXcodeServerUITests.xctest */;
			productType = "com.apple.product-type.bundle.ui-testing";
		};
/* End PBXNativeTarget section */

/* Begin PBXProject section */
		B932DE4621DCFF96003EA273 /* Project object */ = {
			isa = PBXProject;
			attributes = {
				LastSwiftUpdateCheck = 1010;
				LastUpgradeCheck = 1010;
				ORGANIZATIONNAME = WataruNakanishi;
				TargetAttributes = {
					B932DE4D21DCFF96003EA273 = {
						CreatedOnToolsVersion = 10.1;
					};
					B932DE6121DCFF9B003EA273 = {
						CreatedOnToolsVersion = 10.1;
						TestTargetID = B932DE4D21DCFF96003EA273;
					};
					B932DE6C21DCFF9B003EA273 = {
						CreatedOnToolsVersion = 10.1;
						TestTargetID = B932DE4D21DCFF96003EA273;
					};
				};
			};
			buildConfigurationList = B932DE4921DCFF96003EA273 /* Build configuration list for PBXProject "TestXcodeServer" */;
			compatibilityVersion = "Xcode 9.3";
			developmentRegion = en;
			hasScannedForEncodings = 0;
			knownRegions = (
				en,
				Base,
			);
			mainGroup = B932DE4521DCFF96003EA273;
			productRefGroup = B932DE4F21DCFF96003EA273 /* Products */;
			projectDirPath = "";
			projectRoot = "";
			targets = (
				B932DE4D21DCFF96003EA273 /* TestXcodeServer */,
				B932DE6121DCFF9B003EA273 /* TestXcodeServerTests */,
				B932DE6C21DCFF9B003EA273 /* TestXcodeServerUITests */,
			);
		};
/* End PBXProject section */

/* Begin PBXResourcesBuildPhase section */
		B932DE4C21DCFF96003EA273 /* Resources */ = {
			isa = PBXResourcesBuildPhase;
			buildActionMask = 2147483647;
			files = (
				B932DE5C21DCFF9B003EA273 /* LaunchScreen.storyboard in Resources */,
				B932DE5921DCFF9B003EA273 /* Assets.xcassets in Resources */,
				B932DE5721DCFF96003EA273 /* Main.storyboard in Resources */,
			);
			runOnlyForDeploymentPostprocessing = 0;
		};
		B932DE6021DCFF9B003EA273 /* Resources */ = {
			isa = PBXResourcesBuildPhase;
			buildActionMask = 2147483647;
			files = (
			);
			runOnlyForDeploymentPostprocessing = 0;
		};
		B932DE6B21DCFF9B003EA273 /* Resources */ = {
			isa = PBXResourcesBuildPhase;
			buildActionMask = 2147483647;
			files = (
			);
			runOnlyForDeploymentPostprocessing = 0;
		};
/* End PBXResourcesBuildPhase section */

/* Begin PBXShellScriptBuildPhase section */
		720174D6DF1C3A4410EA95EE /* [CP] Check Pods Manifest.lock */ = {
			isa = PBXShellScriptBuildPhase;
			buildActionMask = 2147483647;
			files = (
			);
			inputFileListPaths = (
			);
			inputPaths = (
				"${PODS_PODFILE_DIR_PATH}/Podfile.lock",
				"${PODS_ROOT}/Manifest.lock",
			);
			name = "[CP] Check Pods Manifest.lock";
			outputFileListPaths = (
			);
			outputPaths = (
				"$(DERIVED_FILE_DIR)/Pods-TestXcodeServerUITests-checkManifestLockResult.txt",
			);
			runOnlyForDeploymentPostprocessing = 0;
			shellPath = /bin/sh;
			shellScript = "diff \"${PODS_PODFILE_DIR_PATH}/Podfile.lock\" \"${PODS_ROOT}/Manifest.lock\" > /dev/null\nif [ $? != 0 ] ; then\n    # print error to STDERR\n    echo \"error: The sandbox is not in sync with the Podfile.lock. Run 'pod install' or update your CocoaPods installation.\" >&2\n    exit 1\nfi\n# This output is used by Xcode 'outputs' to avoid re-running this script phase.\necho \"SUCCESS\" > \"${SCRIPT_OUTPUT_FILE_0}\"\n";
			showEnvVarsInLog = 0;
		};
		7E31586DD7C27C418C08EDBD /* [CP] Check Pods Manifest.lock */ = {
			isa = PBXShellScriptBuildPhase;
			buildActionMask = 2147483647;
			files = (
			);
			inputFileListPaths = (
			);
			inputPaths = (
				"${PODS_PODFILE_DIR_PATH}/Podfile.lock",
				"${PODS_ROOT}/Manifest.lock",
			);
			name = "[CP] Check Pods Manifest.lock";
			outputFileListPaths = (
			);
			outputPaths = (
				"$(DERIVED_FILE_DIR)/Pods-TestXcodeServerTests-checkManifestLockResult.txt",
			);
			runOnlyForDeploymentPostprocessing = 0;
			shellPath = /bin/sh;
			shellScript = "diff \"${PODS_PODFILE_DIR_PATH}/Podfile.lock\" \"${PODS_ROOT}/Manifest.lock\" > /dev/null\nif [ $? != 0 ] ; then\n    # print error to STDERR\n    echo \"error: The sandbox is not in sync with the Podfile.lock. Run 'pod install' or update your CocoaPods installation.\" >&2\n    exit 1\nfi\n# This output is used by Xcode 'outputs' to avoid re-running this script phase.\necho \"SUCCESS\" > \"${SCRIPT_OUTPUT_FILE_0}\"\n";
			showEnvVarsInLog = 0;
		};
		863328D71D613EA491D4D4B5 /* [CP] Embed Pods Frameworks */ = {
			isa = PBXShellScriptBuildPhase;
			buildActionMask = 2147483647;
			files = (
			);
			inputFileListPaths = (
			);
			inputPaths = (
				"${SRCROOT}/Pods/Target Support Files/Pods-TestXcodeServer/Pods-TestXcodeServer-frameworks.sh",
				"${BUILT_PRODUCTS_DIR}/RxAtomic/RxAtomic.framework",
				"${BUILT_PRODUCTS_DIR}/RxCocoa/RxCocoa.framework",
				"${BUILT_PRODUCTS_DIR}/RxSwift/RxSwift.framework",
			);
			name = "[CP] Embed Pods Frameworks";
			outputFileListPaths = (
			);
			outputPaths = (
				"${TARGET_BUILD_DIR}/${FRAMEWORKS_FOLDER_PATH}/RxAtomic.framework",
				"${TARGET_BUILD_DIR}/${FRAMEWORKS_FOLDER_PATH}/RxCocoa.framework",
				"${TARGET_BUILD_DIR}/${FRAMEWORKS_FOLDER_PATH}/RxSwift.framework",
			);
			runOnlyForDeploymentPostprocessing = 0;
			shellPath = /bin/sh;
			shellScript = "\"${SRCROOT}/Pods/Target Support Files/Pods-TestXcodeServer/Pods-TestXcodeServer-frameworks.sh\"\n";
			showEnvVarsInLog = 0;
		};
		A78E960525852D5425DFEB31 /* [CP] Check Pods Manifest.lock */ = {
			isa = PBXShellScriptBuildPhase;
			buildActionMask = 2147483647;
			files = (
			);
			inputFileListPaths = (
			);
			inputPaths = (
				"${PODS_PODFILE_DIR_PATH}/Podfile.lock",
				"${PODS_ROOT}/Manifest.lock",
			);
			name = "[CP] Check Pods Manifest.lock";
			outputFileListPaths = (
			);
			outputPaths = (
				"$(DERIVED_FILE_DIR)/Pods-TestXcodeServer-checkManifestLockResult.txt",
			);
			runOnlyForDeploymentPostprocessing = 0;
			shellPath = /bin/sh;
			shellScript = "diff \"${PODS_PODFILE_DIR_PATH}/Podfile.lock\" \"${PODS_ROOT}/Manifest.lock\" > /dev/null\nif [ $? != 0 ] ; then\n    # print error to STDERR\n    echo \"error: The sandbox is not in sync with the Podfile.lock. Run 'pod install' or update your CocoaPods installation.\" >&2\n    exit 1\nfi\n# This output is used by Xcode 'outputs' to avoid re-running this script phase.\necho \"SUCCESS\" > \"${SCRIPT_OUTPUT_FILE_0}\"\n";
			showEnvVarsInLog = 0;
		};
/* End PBXShellScriptBuildPhase section */

/* Begin PBXSourcesBuildPhase section */
		B932DE4A21DCFF96003EA273 /* Sources */ = {
			isa = PBXSourcesBuildPhase;
			buildActionMask = 2147483647;
			files = (
				B932DE5421DCFF96003EA273 /* ViewController.swift in Sources */,
				B932DE5221DCFF96003EA273 /* AppDelegate.swift in Sources */,
			);
			runOnlyForDeploymentPostprocessing = 0;
		};
		B932DE5E21DCFF9B003EA273 /* Sources */ = {
			isa = PBXSourcesBuildPhase;
			buildActionMask = 2147483647;
			files = (
				B932DE6721DCFF9B003EA273 /* TestXcodeServerTests.swift in Sources */,
			);
			runOnlyForDeploymentPostprocessing = 0;
		};
		B932DE6921DCFF9B003EA273 /* Sources */ = {
			isa = PBXSourcesBuildPhase;
			buildActionMask = 2147483647;
			files = (
				B932DE7221DCFF9B003EA273 /* TestXcodeServerUITests.swift in Sources */,
			);
			runOnlyForDeploymentPostprocessing = 0;
		};
/* End PBXSourcesBuildPhase section */

/* Begin PBXTargetDependency section */
		B932DE6421DCFF9B003EA273 /* PBXTargetDependency */ = {
			isa = PBXTargetDependency;
			target = B932DE4D21DCFF96003EA273 /* TestXcodeServer */;
			targetProxy = B932DE6321DCFF9B003EA273 /* PBXContainerItemProxy */;
		};
		B932DE6F21DCFF9B003EA273 /* PBXTargetDependency */ = {
			isa = PBXTargetDependency;
			target = B932DE4D21DCFF96003EA273 /* TestXcodeServer */;
			targetProxy = B932DE6E21DCFF9B003EA273 /* PBXContainerItemProxy */;
		};
/* End PBXTargetDependency section */

/* Begin PBXVariantGroup section */
		B932DE5521DCFF96003EA273 /* Main.storyboard */ = {
			isa = PBXVariantGroup;
			children = (
				B932DE5621DCFF96003EA273 /* Base */,
			);
			name = Main.storyboard;
			sourceTree = "<group>";
		};
		B932DE5A21DCFF9B003EA273 /* LaunchScreen.storyboard */ = {
			isa = PBXVariantGroup;
			children = (
				B932DE5B21DCFF9B003EA273 /* Base */,
			);
			name = LaunchScreen.storyboard;
			sourceTree = "<group>";
		};
/* End PBXVariantGroup section */

/* Begin XCBuildConfiguration section */
		B932DE7421DCFF9B003EA273 /* Debug */ = {
			isa = XCBuildConfiguration;
			buildSettings = {
				ALWAYS_SEARCH_USER_PATHS = NO;
				CLANG_ANALYZER_NONNULL = YES;
				CLANG_ANALYZER_NUMBER_OBJECT_CONVERSION = YES_AGGRESSIVE;
				CLANG_CXX_LANGUAGE_STANDARD = "gnu++14";
				CLANG_CXX_LIBRARY = "libc++";
				CLANG_ENABLE_MODULES = YES;
				CLANG_ENABLE_OBJC_ARC = YES;
				CLANG_ENABLE_OBJC_WEAK = YES;
				CLANG_WARN_BLOCK_CAPTURE_AUTORELEASING = YES;
				CLANG_WARN_BOOL_CONVERSION = YES;
				CLANG_WARN_COMMA = YES;
				CLANG_WARN_CONSTANT_CONVERSION = YES;
				CLANG_WARN_DEPRECATED_OBJC_IMPLEMENTATIONS = YES;
				CLANG_WARN_DIRECT_OBJC_ISA_USAGE = YES_ERROR;
				CLANG_WARN_DOCUMENTATION_COMMENTS = YES;
				CLANG_WARN_EMPTY_BODY = YES;
				CLANG_WARN_ENUM_CONVERSION = YES;
				CLANG_WARN_INFINITE_RECURSION = YES;
				CLANG_WARN_INT_CONVERSION = YES;
				CLANG_WARN_NON_LITERAL_NULL_CONVERSION = YES;
				CLANG_WARN_OBJC_IMPLICIT_RETAIN_SELF = YES;
				CLANG_WARN_OBJC_LITERAL_CONVERSION = YES;
				CLANG_WARN_OBJC_ROOT_CLASS = YES_ERROR;
				CLANG_WARN_RANGE_LOOP_ANALYSIS = YES;
				CLANG_WARN_STRICT_PROTOTYPES = YES;
				CLANG_WARN_SUSPICIOUS_MOVE = YES;
				CLANG_WARN_UNGUARDED_AVAILABILITY = YES_AGGRESSIVE;
				CLANG_WARN_UNREACHABLE_CODE = YES;
				CLANG_WARN__DUPLICATE_METHOD_MATCH = YES;
				CODE_SIGN_IDENTITY = "iPhone Developer";
				COPY_PHASE_STRIP = NO;
				DEBUG_INFORMATION_FORMAT = dwarf;
				ENABLE_STRICT_OBJC_MSGSEND = YES;
				ENABLE_TESTABILITY = YES;
				GCC_C_LANGUAGE_STANDARD = gnu11;
				GCC_DYNAMIC_NO_PIC = NO;
				GCC_NO_COMMON_BLOCKS = YES;
				GCC_OPTIMIZATION_LEVEL = 0;
				GCC_PREPROCESSOR_DEFINITIONS = (
					"DEBUG=1",
					"$(inherited)",
				);
				GCC_WARN_64_TO_32_BIT_CONVERSION = YES;
				GCC_WARN_ABOUT_RETURN_TYPE = YES_ERROR;
				GCC_WARN_UNDECLARED_SELECTOR = YES;
				GCC_WARN_UNINITIALIZED_AUTOS = YES_AGGRESSIVE;
				GCC_WARN_UNUSED_FUNCTION = YES;
				GCC_WARN_UNUSED_VARIABLE = YES;
				IPHONEOS_DEPLOYMENT_TARGET = 12.1;
				MTL_ENABLE_DEBUG_INFO = INCLUDE_SOURCE;
				MTL_FAST_MATH = YES;
				ONLY_ACTIVE_ARCH = YES;
				SDKROOT = iphoneos;
				SWIFT_ACTIVE_COMPILATION_CONDITIONS = DEBUG;
				SWIFT_OPTIMIZATION_LEVEL = "-Onone";
			};
			name = Debug;
		};
		B932DE7521DCFF9B003EA273 /* Release */ = {
			isa = XCBuildConfiguration;
			buildSettings = {
				ALWAYS_SEARCH_USER_PATHS = NO;
				CLANG_ANALYZER_NONNULL = YES;
				CLANG_ANALYZER_NUMBER_OBJECT_CONVERSION = YES_AGGRESSIVE;
				CLANG_CXX_LANGUAGE_STANDARD = "gnu++14";
				CLANG_CXX_LIBRARY = "libc++";
				CLANG_ENABLE_MODULES = YES;
				CLANG_ENABLE_OBJC_ARC = YES;
				CLANG_ENABLE_OBJC_WEAK = YES;
				CLANG_WARN_BLOCK_CAPTURE_AUTORELEASING = YES;
				CLANG_WARN_BOOL_CONVERSION = YES;
				CLANG_WARN_COMMA = YES;
				CLANG_WARN_CONSTANT_CONVERSION = YES;
				CLANG_WARN_DEPRECATED_OBJC_IMPLEMENTATIONS = YES;
				CLANG_WARN_DIRECT_OBJC_ISA_USAGE = YES_ERROR;
				CLANG_WARN_DOCUMENTATION_COMMENTS = YES;
				CLANG_WARN_EMPTY_BODY = YES;
				CLANG_WARN_ENUM_CONVERSION = YES;
				CLANG_WARN_INFINITE_RECURSION = YES;
				CLANG_WARN_INT_CONVERSION = YES;
				CLANG_WARN_NON_LITERAL_NULL_CONVERSION = YES;
				CLANG_WARN_OBJC_IMPLICIT_RETAIN_SELF = YES;
				CLANG_WARN_OBJC_LITERAL_CONVERSION = YES;
				CLANG_WARN_OBJC_ROOT_CLASS = YES_ERROR;
				CLANG_WARN_RANGE_LOOP_ANALYSIS = YES;
				CLANG_WARN_STRICT_PROTOTYPES = YES;
				CLANG_WARN_SUSPICIOUS_MOVE = YES;
				CLANG_WARN_UNGUARDED_AVAILABILITY = YES_AGGRESSIVE;
				CLANG_WARN_UNREACHABLE_CODE = YES;
				CLANG_WARN__DUPLICATE_METHOD_MATCH = YES;
				CODE_SIGN_IDENTITY = "iPhone Developer";
				COPY_PHASE_STRIP = NO;
				DEBUG_INFORMATION_FORMAT = "dwarf-with-dsym";
				ENABLE_NS_ASSERTIONS = NO;
				ENABLE_STRICT_OBJC_MSGSEND = YES;
				GCC_C_LANGUAGE_STANDARD = gnu11;
				GCC_NO_COMMON_BLOCKS = YES;
				GCC_WARN_64_TO_32_BIT_CONVERSION = YES;
				GCC_WARN_ABOUT_RETURN_TYPE = YES_ERROR;
				GCC_WARN_UNDECLARED_SELECTOR = YES;
				GCC_WARN_UNINITIALIZED_AUTOS = YES_AGGRESSIVE;
				GCC_WARN_UNUSED_FUNCTION = YES;
				GCC_WARN_UNUSED_VARIABLE = YES;
				IPHONEOS_DEPLOYMENT_TARGET = 12.1;
				MTL_ENABLE_DEBUG_INFO = NO;
				MTL_FAST_MATH = YES;
				SDKROOT = iphoneos;
				SWIFT_COMPILATION_MODE = wholemodule;
				SWIFT_OPTIMIZATION_LEVEL = "-O";
				VALIDATE_PRODUCT = YES;
			};
			name = Release;
		};
		B932DE7721DCFF9B003EA273 /* Debug */ = {
			isa = XCBuildConfiguration;
			baseConfigurationReference = 57DAFB6245BAE0726F1DAAB3 /* Pods-TestXcodeServer.debug.xcconfig */;
			buildSettings = {
				ASSETCATALOG_COMPILER_APPICON_NAME = AppIcon;
				CODE_SIGN_STYLE = Automatic;
				DEVELOPMENT_TEAM = GXEN49NFED;
				INFOPLIST_FILE = TestXcodeServer/Info.plist;
				LD_RUNPATH_SEARCH_PATHS = (
					"$(inherited)",
					"@executable_path/Frameworks",
				);
				PRODUCT_BUNDLE_IDENTIFIER = com.WataruNakanishi.TestXcodeServer;
				PRODUCT_NAME = "$(TARGET_NAME)";
				SWIFT_VERSION = 4.2;
				TARGETED_DEVICE_FAMILY = "1,2";
			};
			name = Debug;
		};
		B932DE7821DCFF9B003EA273 /* Release */ = {
			isa = XCBuildConfiguration;
			baseConfigurationReference = 7519FF8AE00F98D57E4BC355 /* Pods-TestXcodeServer.release.xcconfig */;
			buildSettings = {
				ASSETCATALOG_COMPILER_APPICON_NAME = AppIcon;
				CODE_SIGN_STYLE = Automatic;
				DEVELOPMENT_TEAM = GXEN49NFED;
				INFOPLIST_FILE = TestXcodeServer/Info.plist;
				LD_RUNPATH_SEARCH_PATHS = (
					"$(inherited)",
					"@executable_path/Frameworks",
				);
				PRODUCT_BUNDLE_IDENTIFIER = com.WataruNakanishi.TestXcodeServer;
				PRODUCT_NAME = "$(TARGET_NAME)";
				SWIFT_VERSION = 4.2;
				TARGETED_DEVICE_FAMILY = "1,2";
			};
			name = Release;
		};
		B932DE7A21DCFF9B003EA273 /* Debug */ = {
			isa = XCBuildConfiguration;
			baseConfigurationReference = AE8F6B1379F2DD2E6438C24B /* Pods-TestXcodeServerTests.debug.xcconfig */;
			buildSettings = {
				ALWAYS_EMBED_SWIFT_STANDARD_LIBRARIES = YES;
				BUNDLE_LOADER = "$(TEST_HOST)";
				CODE_SIGN_STYLE = Automatic;
				DEVELOPMENT_TEAM = GXEN49NFED;
				INFOPLIST_FILE = TestXcodeServerTests/Info.plist;
				LD_RUNPATH_SEARCH_PATHS = (
					"$(inherited)",
					"@executable_path/Frameworks",
					"@loader_path/Frameworks",
				);
				PRODUCT_BUNDLE_IDENTIFIER = com.WataruNakanishi.TestXcodeServerTests;
				PRODUCT_NAME = "$(TARGET_NAME)";
				SWIFT_VERSION = 4.2;
				TARGETED_DEVICE_FAMILY = "1,2";
				TEST_HOST = "$(BUILT_PRODUCTS_DIR)/TestXcodeServer.app/TestXcodeServer";
			};
			name = Debug;
		};
		B932DE7B21DCFF9B003EA273 /* Release */ = {
			isa = XCBuildConfiguration;
			baseConfigurationReference = 12E942A3D60CD8E8BFB172E7 /* Pods-TestXcodeServerTests.release.xcconfig */;
			buildSettings = {
				ALWAYS_EMBED_SWIFT_STANDARD_LIBRARIES = YES;
				BUNDLE_LOADER = "$(TEST_HOST)";
				CODE_SIGN_STYLE = Automatic;
				DEVELOPMENT_TEAM = GXEN49NFED;
				INFOPLIST_FILE = TestXcodeServerTests/Info.plist;
				LD_RUNPATH_SEARCH_PATHS = (
					"$(inherited)",
					"@executable_path/Frameworks",
					"@loader_path/Frameworks",
				);
				PRODUCT_BUNDLE_IDENTIFIER = com.WataruNakanishi.TestXcodeServerTests;
				PRODUCT_NAME = "$(TARGET_NAME)";
				SWIFT_VERSION = 4.2;
				TARGETED_DEVICE_FAMILY = "1,2";
				TEST_HOST = "$(BUILT_PRODUCTS_DIR)/TestXcodeServer.app/TestXcodeServer";
			};
			name = Release;
		};
		B932DE7D21DCFF9B003EA273 /* Debug */ = {
			isa = XCBuildConfiguration;
			baseConfigurationReference = 4F95686A821FAA9028669D98 /* Pods-TestXcodeServerUITests.debug.xcconfig */;
			buildSettings = {
				ALWAYS_EMBED_SWIFT_STANDARD_LIBRARIES = YES;
				CODE_SIGN_STYLE = Automatic;
				DEVELOPMENT_TEAM = GXEN49NFED;
				INFOPLIST_FILE = TestXcodeServerUITests/Info.plist;
				LD_RUNPATH_SEARCH_PATHS = (
					"$(inherited)",
					"@executable_path/Frameworks",
					"@loader_path/Frameworks",
				);
				PRODUCT_BUNDLE_IDENTIFIER = com.WataruNakanishi.TestXcodeServerUITests;
				PRODUCT_NAME = "$(TARGET_NAME)";
				SWIFT_VERSION = 4.2;
				TARGETED_DEVICE_FAMILY = "1,2";
				TEST_TARGET_NAME = TestXcodeServer;
			};
			name = Debug;
		};
		B932DE7E21DCFF9B003EA273 /* Release */ = {
			isa = XCBuildConfiguration;
			baseConfigurationReference = E3C3875962A9EA03738191C0 /* Pods-TestXcodeServerUITests.release.xcconfig */;
			buildSettings = {
				ALWAYS_EMBED_SWIFT_STANDARD_LIBRARIES = YES;
				CODE_SIGN_STYLE = Automatic;
				DEVELOPMENT_TEAM = GXEN49NFED;
				INFOPLIST_FILE = TestXcodeServerUITests/Info.plist;
				LD_RUNPATH_SEARCH_PATHS = (
					"$(inherited)",
					"@executable_path/Frameworks",
					"@loader_path/Frameworks",
				);
				PRODUCT_BUNDLE_IDENTIFIER = com.WataruNakanishi.TestXcodeServerUITests;
				PRODUCT_NAME = "$(TARGET_NAME)";
				SWIFT_VERSION = 4.2;
				TARGETED_DEVICE_FAMILY = "1,2";
				TEST_TARGET_NAME = TestXcodeServer;
			};
			name = Release;
		};
/* End XCBuildConfiguration section */

/* Begin XCConfigurationList section */
		B932DE4921DCFF96003EA273 /* Build configuration list for PBXProject "TestXcodeServer" */ = {
			isa = XCConfigurationList;
			buildConfigurations = (
				B932DE7421DCFF9B003EA273 /* Debug */,
				B932DE7521DCFF9B003EA273 /* Release */,
			);
			defaultConfigurationIsVisible = 0;
			defaultConfigurationName = Release;
		};
		B932DE7621DCFF9B003EA273 /* Build configuration list for PBXNativeTarget "TestXcodeServer" */ = {
			isa = XCConfigurationList;
			buildConfigurations = (
				B932DE7721DCFF9B003EA273 /* Debug */,
				B932DE7821DCFF9B003EA273 /* Release */,
			);
			defaultConfigurationIsVisible = 0;
			defaultConfigurationName = Release;
		};
		B932DE7921DCFF9B003EA273 /* Build configuration list for PBXNativeTarget "TestXcodeServerTests" */ = {
			isa = XCConfigurationList;
			buildConfigurations = (
				B932DE7A21DCFF9B003EA273 /* Debug */,
				B932DE7B21DCFF9B003EA273 /* Release */,
			);
			defaultConfigurationIsVisible = 0;
			defaultConfigurationName = Release;
		};
		B932DE7C21DCFF9B003EA273 /* Build configuration list for PBXNativeTarget "TestXcodeServerUITests" */ = {
			isa = XCConfigurationList;
			buildConfigurations = (
				B932DE7D21DCFF9B003EA273 /* Debug */,
				B932DE7E21DCFF9B003EA273 /* Release */,
			);
			defaultConfigurationIsVisible = 0;
			defaultConfigurationName = Release;
		};
/* End XCConfigurationList section */
	};
	rootObject = B932DE4621DCFF96003EA273 /* Project object */;
}
